
Microsoft Visual Studio Solution File, Format Version 12.00
# Visual Studio 15
VisualStudioVersion = 15.0.27004.2006
MinimumVisualStudioVersion = 10.0.40219.1
Project("{FAE04EC0-301F-11D3-BF4B-00C04F79EFBC}") = "FirstDuplicate", "FirstDuplicate\FirstDuplicate.csproj", "{AD0910AC-8278-4B0E-9C5C-513375CCD7C3}"
EndProject
Global
	GlobalSection(SolutionConfigurationPlatforms) = preSolution
		Debug|Any CPU = Debug|Any CPU
		Release|Any CPU = Release|Any CPU
	EndGlobalSection
	GlobalSection(ProjectConfigurationPlatforms) = postSolution
		{AD0910AC-8278-4B0E-9C5C-513375CCD7C3}.Debug|Any CPU.ActiveCfg = Debug|Any CPU
		{AD0910AC-8278-4B0E-9C5C-513375CCD7C3}.Debug|Any CPU.Build.0 = Debug|Any CPU
		{AD0910AC-8278-4B0E-9C5C-513375CCD7C3}.Release|Any CPU.ActiveCfg = Release|Any CPU
		{AD0910AC-8278-4B0E-9C5C-513375CCD7C3}.Release|Any CPU.Build.0 = Release|Any CPU
	EndGlobalSection
	GlobalSection(SolutionProperties) = preSolution
		HideSolutionNode = FALSE
	EndGlobalSection
	GlobalSection(ExtensibilityGlobals) = postSolution
		SolutionGuid = {9453D720-EEBD-44E2-9A82-0CA928CF74E1}
	EndGlobalSection
EndGlobal
