
Microsoft Visual Studio Solution File, Format Version 12.00
# Visual Studio 15
VisualStudioVersion = 15.0.27004.2006
MinimumVisualStudioVersion = 10.0.40219.1
Project("{FAE04EC0-301F-11D3-BF4B-00C04F79EFBC}") = "FirstDuplicate", "FirstDuplicate\FirstDuplicate.csproj", "{AD0910AC-8278-4B0E-9C5C-513375CCD7C3}"
EndProject
Project("{2150E333-8FDC-42A3-9474-1A3956D46DE8}") = "InterviewPractice", "InterviewPractice", "{E87B9B83-55CE-451B-B3A4-5D0FDA59FE97}"
EndProject
Project("{2150E333-8FDC-42A3-9474-1A3956D46DE8}") = "Arrays", "Arrays", "{EB1E805B-2963-4188-ACC5-F908F2A28CAC}"
EndProject
Project("{FAE04EC0-301F-11D3-BF4B-00C04F79EFBC}") = "firstNonRepeatingCharacter", "firstNonRepeatingCharacter\firstNonRepeatingCharacter.csproj", "{2E4E7056-E4EF-43CE-B96E-DF26EF1E9730}"
EndProject
Project("{FAE04EC0-301F-11D3-BF4B-00C04F79EFBC}") = "RotateImage", "RotateImage\RotateImage.csproj", "{CA7F2423-698C-45EB-B844-5748AC8889D4}"
EndProject
Project("{FAE04EC0-301F-11D3-BF4B-00C04F79EFBC}") = "Sudoku2", "Sudoku2\Sudoku2.csproj", "{2D99973D-E0B1-417B-B56E-540CA0ECA47D}"
EndProject
Project("{FAE04EC0-301F-11D3-BF4B-00C04F79EFBC}") = "IsCryptSolution", "IsCryptSolution\IsCryptSolution.csproj", "{C3A89835-B561-45E9-B846-38126610AA3B}"
EndProject
Global
	GlobalSection(SolutionConfigurationPlatforms) = preSolution
		Debug|Any CPU = Debug|Any CPU
		Release|Any CPU = Release|Any CPU
	EndGlobalSection
	GlobalSection(ProjectConfigurationPlatforms) = postSolution
		{AD0910AC-8278-4B0E-9C5C-513375CCD7C3}.Debug|Any CPU.ActiveCfg = Debug|Any CPU
		{AD0910AC-8278-4B0E-9C5C-513375CCD7C3}.Debug|Any CPU.Build.0 = Debug|Any CPU
		{AD0910AC-8278-4B0E-9C5C-513375CCD7C3}.Release|Any CPU.ActiveCfg = Release|Any CPU
		{AD0910AC-8278-4B0E-9C5C-513375CCD7C3}.Release|Any CPU.Build.0 = Release|Any CPU
		{2E4E7056-E4EF-43CE-B96E-DF26EF1E9730}.Debug|Any CPU.ActiveCfg = Debug|Any CPU
		{2E4E7056-E4EF-43CE-B96E-DF26EF1E9730}.Debug|Any CPU.Build.0 = Debug|Any CPU
		{2E4E7056-E4EF-43CE-B96E-DF26EF1E9730}.Release|Any CPU.ActiveCfg = Release|Any CPU
		{2E4E7056-E4EF-43CE-B96E-DF26EF1E9730}.Release|Any CPU.Build.0 = Release|Any CPU
		{CA7F2423-698C-45EB-B844-5748AC8889D4}.Debug|Any CPU.ActiveCfg = Debug|Any CPU
		{CA7F2423-698C-45EB-B844-5748AC8889D4}.Debug|Any CPU.Build.0 = Debug|Any CPU
		{CA7F2423-698C-45EB-B844-5748AC8889D4}.Release|Any CPU.ActiveCfg = Release|Any CPU
		{CA7F2423-698C-45EB-B844-5748AC8889D4}.Release|Any CPU.Build.0 = Release|Any CPU
		{2D99973D-E0B1-417B-B56E-540CA0ECA47D}.Debug|Any CPU.ActiveCfg = Debug|Any CPU
		{2D99973D-E0B1-417B-B56E-540CA0ECA47D}.Debug|Any CPU.Build.0 = Debug|Any CPU
		{2D99973D-E0B1-417B-B56E-540CA0ECA47D}.Release|Any CPU.ActiveCfg = Release|Any CPU
		{2D99973D-E0B1-417B-B56E-540CA0ECA47D}.Release|Any CPU.Build.0 = Release|Any CPU
		{C3A89835-B561-45E9-B846-38126610AA3B}.Debug|Any CPU.ActiveCfg = Debug|Any CPU
		{C3A89835-B561-45E9-B846-38126610AA3B}.Debug|Any CPU.Build.0 = Debug|Any CPU
		{C3A89835-B561-45E9-B846-38126610AA3B}.Release|Any CPU.ActiveCfg = Release|Any CPU
		{C3A89835-B561-45E9-B846-38126610AA3B}.Release|Any CPU.Build.0 = Release|Any CPU
	EndGlobalSection
	GlobalSection(SolutionProperties) = preSolution
		HideSolutionNode = FALSE
	EndGlobalSection
	GlobalSection(NestedProjects) = preSolution
		{AD0910AC-8278-4B0E-9C5C-513375CCD7C3} = {EB1E805B-2963-4188-ACC5-F908F2A28CAC}
		{EB1E805B-2963-4188-ACC5-F908F2A28CAC} = {E87B9B83-55CE-451B-B3A4-5D0FDA59FE97}
		{2E4E7056-E4EF-43CE-B96E-DF26EF1E9730} = {EB1E805B-2963-4188-ACC5-F908F2A28CAC}
		{CA7F2423-698C-45EB-B844-5748AC8889D4} = {EB1E805B-2963-4188-ACC5-F908F2A28CAC}
		{2D99973D-E0B1-417B-B56E-540CA0ECA47D} = {EB1E805B-2963-4188-ACC5-F908F2A28CAC}
		{C3A89835-B561-45E9-B846-38126610AA3B} = {EB1E805B-2963-4188-ACC5-F908F2A28CAC}
	EndGlobalSection
	GlobalSection(ExtensibilityGlobals) = postSolution
		SolutionGuid = {9453D720-EEBD-44E2-9A82-0CA928CF74E1}
	EndGlobalSection
EndGlobal
