
Microsoft Visual Studio Solution File, Format Version 12.00
# Visual Studio 15
VisualStudioVersion = 15.0.27004.2006
MinimumVisualStudioVersion = 10.0.40219.1
Project("{FAE04EC0-301F-11D3-BF4B-00C04F79EFBC}") = "FirstDuplicate", "FirstDuplicate\FirstDuplicate.csproj", "{AD0910AC-8278-4B0E-9C5C-513375CCD7C3}"
EndProject
Project("{2150E333-8FDC-42A3-9474-1A3956D46DE8}") = "InterviewPractice", "InterviewPractice", "{E87B9B83-55CE-451B-B3A4-5D0FDA59FE97}"
EndProject
Project("{2150E333-8FDC-42A3-9474-1A3956D46DE8}") = "Arrays", "Arrays", "{EB1E805B-2963-4188-ACC5-F908F2A28CAC}"
EndProject
Project("{FAE04EC0-301F-11D3-BF4B-00C04F79EFBC}") = "firstNonRepeatingCharacter", "firstNonRepeatingCharacter\firstNonRepeatingCharacter.csproj", "{2E4E7056-E4EF-43CE-B96E-DF26EF1E9730}"
EndProject
Project("{FAE04EC0-301F-11D3-BF4B-00C04F79EFBC}") = "RotateImage", "RotateImage\RotateImage.csproj", "{CA7F2423-698C-45EB-B844-5748AC8889D4}"
EndProject
Project("{FAE04EC0-301F-11D3-BF4B-00C04F79EFBC}") = "Sudoku2", "Sudoku2\Sudoku2.csproj", "{2D99973D-E0B1-417B-B56E-540CA0ECA47D}"
EndProject
Project("{FAE04EC0-301F-11D3-BF4B-00C04F79EFBC}") = "IsCryptSolution", "IsCryptSolution\IsCryptSolution.csproj", "{C3A89835-B561-45E9-B846-38126610AA3B}"
EndProject
Project("{2150E333-8FDC-42A3-9474-1A3956D46DE8}") = "LinkedList", "LinkedList", "{B687C682-7913-4C54-B0F6-7DF61C4E4522}"
EndProject
Project("{FAE04EC0-301F-11D3-BF4B-00C04F79EFBC}") = "RemoveKFromList", "RemoveKFromList\RemoveKFromList.csproj", "{68CE4926-8F8A-40B1-9E79-105C33BEB5B7}"
EndProject
Project("{FAE04EC0-301F-11D3-BF4B-00C04F79EFBC}") = "IsListPalindrome", "IsListPalindrome\IsListPalindrome.csproj", "{54EDE795-C54B-4615-9A11-7165A02F6F34}"
EndProject
Project("{FAE04EC0-301F-11D3-BF4B-00C04F79EFBC}") = "AddTwoHugeNumbers", "AddTwoHugeNumbers\AddTwoHugeNumbers.csproj", "{4F1B020B-AE07-4434-B2D0-0E70383C020D}"
EndProject
Project("{FAE04EC0-301F-11D3-BF4B-00C04F79EFBC}") = "MergeTwoLinkedLists", "MergeTwoLinkedLists\MergeTwoLinkedLists.csproj", "{F8FDAA66-0C23-48BD-8B40-4604696051FD}"
EndProject
Project("{FAE04EC0-301F-11D3-BF4B-00C04F79EFBC}") = "ReverseNodesInKGroups", "ReverseNodesInKGroups\ReverseNodesInKGroups.csproj", "{52C71EF8-7B47-4A2C-8FE2-14D4E5940B79}"
EndProject
Project("{FAE04EC0-301F-11D3-BF4B-00C04F79EFBC}") = "RearrangeLastN", "RearrangeLastN\RearrangeLastN.csproj", "{9FE41053-E013-4F15-A4D9-C76D39E80553}"
EndProject
Project("{2150E333-8FDC-42A3-9474-1A3956D46DE8}") = "HashTables", "HashTables", "{5E42E47A-307D-4ADA-8720-15E870622906}"
EndProject
Project("{FAE04EC0-301F-11D3-BF4B-00C04F79EFBC}") = "GroupingDishes", "GroupingDishes\GroupingDishes.csproj", "{C8F49996-C93C-48C6-BA2B-0B2ACBC08C0B}"
EndProject
Project("{FAE04EC0-301F-11D3-BF4B-00C04F79EFBC}") = "AreFollowingPatterns", "AreFollowingPatterns\AreFollowingPatterns.csproj", "{C59E7661-719C-4CEE-8185-F76574A622C5}"
EndProject
Project("{FAE04EC0-301F-11D3-BF4B-00C04F79EFBC}") = "containsCloseNums", "containsCloseNums\containsCloseNums.csproj", "{90FF93F8-DB2B-435E-A2FF-34C9FDBE8EFF}"
EndProject
Project("{FAE04EC0-301F-11D3-BF4B-00C04F79EFBC}") = "PossibleSums", "PossibleSums\PossibleSums.csproj", "{D34BC224-118F-43FB-871A-4EF3C9D200BC}"
EndProject
Project("{FAE04EC0-301F-11D3-BF4B-00C04F79EFBC}") = "SwapLexOrder", "SwapLexOrder\SwapLexOrder.csproj", "{BCDC15C6-44A2-4177-9FCA-B6CF2C4E65DF}"
EndProject
Project("{2150E333-8FDC-42A3-9474-1A3956D46DE8}") = "Trees", "Trees", "{F74C81EA-3920-4501-AE0D-2AB91A63E1FC}"
EndProject
Project("{FAE04EC0-301F-11D3-BF4B-00C04F79EFBC}") = "hasPathWithGivenSum", "hasPathWithGivenSum\hasPathWithGivenSum.csproj", "{EF1B86A1-E6F8-48F8-959E-99E5D0E85670}"
EndProject
Project("{FAE04EC0-301F-11D3-BF4B-00C04F79EFBC}") = "isTreeSymetric", "isTreeSymetric\isTreeSymetric.csproj", "{D33DB71F-542A-4865-9B48-99B69C4AAF33}"
EndProject
Project("{FAE04EC0-301F-11D3-BF4B-00C04F79EFBC}") = "findProfessor", "findProfessor\findProfessor.csproj", "{75BE9A8B-1967-4347-BD27-7FEBBF5B939E}"
EndProject
Project("{FAE04EC0-301F-11D3-BF4B-00C04F79EFBC}") = "kthSmallestInBST", "kthSmallestInBST\kthSmallestInBST.csproj", "{E184600B-D113-4E5F-AEBB-3A0B933D547B}"
EndProject
Project("{FAE04EC0-301F-11D3-BF4B-00C04F79EFBC}") = "isSubtree", "isSubtree\isSubtree.csproj", "{4315EC48-80F8-418C-A62F-25021AD7403E}"
EndProject
Project("{FAE04EC0-301F-11D3-BF4B-00C04F79EFBC}") = "restoreBinaryTree", "restoreBinaryTree\restoreBinaryTree.csproj", "{F9D36B75-B88D-490F-864F-F2A7F9C5CB12}"
EndProject
Project("{FAE04EC0-301F-11D3-BF4B-00C04F79EFBC}") = "findSubstrings", "findSubstrings\findSubstrings.csproj", "{518CD577-24C2-4EB2-BB4F-79E75CB4E047}"
EndProject
Project("{FAE04EC0-301F-11D3-BF4B-00C04F79EFBC}") = "deleteFromBST", "deleteFromBST\deleteFromBST.csproj", "{142AB4AE-D7E9-48FC-957B-31B11C5EE786}"
EndProject
Project("{2150E333-8FDC-42A3-9474-1A3956D46DE8}") = "DFS_BFS", "DFS_BFS", "{5F2A973A-B7A1-47FB-8036-14118E18DADE}"
EndProject
Project("{FAE04EC0-301F-11D3-BF4B-00C04F79EFBC}") = "traverseTree", "traverseTree\traverseTree.csproj", "{24A6585C-4919-4CCE-BBBF-5DB470C3D2CA}"
EndProject
Project("{FAE04EC0-301F-11D3-BF4B-00C04F79EFBC}") = "largestValuesInTreeRows", "largestValuesInTreeRows\largestValuesInTreeRows.csproj", "{A8F9199A-CC93-4C14-B8B9-C89E441D34FF}"
EndProject
Project("{FAE04EC0-301F-11D3-BF4B-00C04F79EFBC}") = "digitTreeSum", "digitTreeSum\digitTreeSum.csproj", "{F54A90A2-D73D-4A90-A3BC-7DDA7D365F1C}"
EndProject
Project("{FAE04EC0-301F-11D3-BF4B-00C04F79EFBC}") = "longestPath", "longestPath\longestPath.csproj", "{94474F65-35D0-46B0-A486-C33EFA790888}"
EndProject
Project("{FAE04EC0-301F-11D3-BF4B-00C04F79EFBC}") = "graphDistances", "graphDistances\graphDistances.csproj", "{946888CF-0D0D-4C4C-976A-8FE3AD6AD1C8}"
EndProject
Project("{2150E333-8FDC-42A3-9474-1A3956D46DE8}") = "Backtracking", "Backtracking", "{5BAE6680-B3A6-4188-8B8B-64ED2939E79D}"
EndProject
Project("{FAE04EC0-301F-11D3-BF4B-00C04F79EFBC}") = "climbingStaircase", "climbingStaircase\climbingStaircase.csproj", "{F6200CD7-E41E-41AF-8D34-FC5CF66BBE59}"
EndProject
Project("{FAE04EC0-301F-11D3-BF4B-00C04F79EFBC}") = "nQueens", "nQueens\nQueens.csproj", "{ACC6AFE5-D3EB-4027-B828-02C89568D97E}"
EndProject
Project("{FAE04EC0-301F-11D3-BF4B-00C04F79EFBC}") = "sumSubsets", "sumSubsets\sumSubsets.csproj", "{92FD134E-213A-4E8A-9E5F-C5CA004E39DF}"
EndProject
Project("{FAE04EC0-301F-11D3-BF4B-00C04F79EFBC}") = "wordBoggle", "wordBoggle\wordBoggle.csproj", "{0FF0D43B-D07E-46A1-ABA8-B78EBC97B218}"
EndProject
Project("{FAE04EC0-301F-11D3-BF4B-00C04F79EFBC}") = "combinationSum", "combinationSum\combinationSum.csproj", "{3A034488-3874-4D72-A286-E06F8F55B106}"
EndProject
Project("{2150E333-8FDC-42A3-9474-1A3956D46DE8}") = "DP", "DP", "{A1028F7D-3453-40A6-AE5D-B47E4836B889}"
EndProject
Project("{FAE04EC0-301F-11D3-BF4B-00C04F79EFBC}") = "climbingStairs", "climbingStairs\climbingStairs.csproj", "{9B2A67FC-C4DD-410D-A409-3A4867130143}"
EndProject
Project("{FAE04EC0-301F-11D3-BF4B-00C04F79EFBC}") = "houseRobber", "houseRobber\houseRobber.csproj", "{9E13824B-94B4-4CF2-9212-0876754D955D}"
EndProject
Project("{FAE04EC0-301F-11D3-BF4B-00C04F79EFBC}") = "composeRanges", "composeRanges\composeRanges.csproj", "{174E7485-164E-4064-8EEC-E906189B60FF}"
EndProject
Project("{FAE04EC0-301F-11D3-BF4B-00C04F79EFBC}") = "mapDecoding", "mapDecoding\mapDecoding.csproj", "{6672D595-91E1-4058-B7DB-BD9F1E3966D3}"
EndProject
Project("{2150E333-8FDC-42A3-9474-1A3956D46DE8}") = "Common Techniques", "Common Techniques", "{A3066975-36F0-49A1-BBBE-267DE36190FC}"
EndProject
Project("{FAE04EC0-301F-11D3-BF4B-00C04F79EFBC}") = "arrayMaxConsecutiveSum2", "arrayMaxConsecutiveSum2\arrayMaxConsecutiveSum2.csproj", "{78A89349-2E69-48A0-A276-CAC53485B535}"
EndProject
Project("{FAE04EC0-301F-11D3-BF4B-00C04F79EFBC}") = "findLongestSubarrayBySum", "findLongestSubarrayBySum\findLongestSubarrayBySum.csproj", "{D93A37E4-3DB7-4160-9861-DAD835D61CCE}"
EndProject
Project("{FAE04EC0-301F-11D3-BF4B-00C04F79EFBC}") = "productExceptSelf", "productExceptSelf\productExceptSelf.csproj", "{838BBD74-EECF-4C3B-AE72-ADD4D519079A}"
EndProject
Project("{FAE04EC0-301F-11D3-BF4B-00C04F79EFBC}") = "ContainsDuplicates", "ContainsDuplicates\ContainsDuplicates.csproj", "{F86B2D7E-869F-49F7-BFBF-C288812F7C60}"
EndProject
Project("{FAE04EC0-301F-11D3-BF4B-00C04F79EFBC}") = "sumOfTwo", "sumOfTwo\sumOfTwo.csproj", "{7FDD2656-6F54-4AC3-9C45-EC121DE9802A}"
EndProject
Project("{FAE04EC0-301F-11D3-BF4B-00C04F79EFBC}") = "sumInRange", "sumInRange\sumInRange.csproj", "{A6AC6A8B-A1D1-4FB9-8CF0-4DDD191BF7E4}"
EndProject
Project("{FAE04EC0-301F-11D3-BF4B-00C04F79EFBC}") = "minSubstringWithAllChars", "minSubstringWithAllChars\minSubstringWithAllChars.csproj", "{DACD9C84-7070-4470-AD11-99D7BAC1C63F}"
EndProject
Project("{FAE04EC0-301F-11D3-BF4B-00C04F79EFBC}") = "fillingBlocks", "fillingBlocks\fillingBlocks.csproj", "{EF41582F-6111-4FB7-A282-679DFFAAE789}"
EndProject
Project("{2150E333-8FDC-42A3-9474-1A3956D46DE8}") = "Graphs", "Graphs", "{55EEA0EF-FE49-4105-89EE-953C707E582C}"
EndProject
Project("{FAE04EC0-301F-11D3-BF4B-00C04F79EFBC}") = "newRoadSystem", "newRoadSystem\newRoadSystem.csproj", "{3EAA5358-CD45-42AE-B4F8-DB75F77AC7D3}"
EndProject
Project("{FAE04EC0-301F-11D3-BF4B-00C04F79EFBC}") = "roadsBuilding", "roadsBuilding\roadsBuilding.csproj", "{4FF1D1BD-16FD-4495-88AB-294A19754077}"
EndProject
Global
	GlobalSection(SolutionConfigurationPlatforms) = preSolution
		Debug|Any CPU = Debug|Any CPU
		Release|Any CPU = Release|Any CPU
	EndGlobalSection
	GlobalSection(ProjectConfigurationPlatforms) = postSolution
		{AD0910AC-8278-4B0E-9C5C-513375CCD7C3}.Debug|Any CPU.ActiveCfg = Debug|Any CPU
		{AD0910AC-8278-4B0E-9C5C-513375CCD7C3}.Debug|Any CPU.Build.0 = Debug|Any CPU
		{AD0910AC-8278-4B0E-9C5C-513375CCD7C3}.Release|Any CPU.ActiveCfg = Release|Any CPU
		{AD0910AC-8278-4B0E-9C5C-513375CCD7C3}.Release|Any CPU.Build.0 = Release|Any CPU
		{2E4E7056-E4EF-43CE-B96E-DF26EF1E9730}.Debug|Any CPU.ActiveCfg = Debug|Any CPU
		{2E4E7056-E4EF-43CE-B96E-DF26EF1E9730}.Debug|Any CPU.Build.0 = Debug|Any CPU
		{2E4E7056-E4EF-43CE-B96E-DF26EF1E9730}.Release|Any CPU.ActiveCfg = Release|Any CPU
		{2E4E7056-E4EF-43CE-B96E-DF26EF1E9730}.Release|Any CPU.Build.0 = Release|Any CPU
		{CA7F2423-698C-45EB-B844-5748AC8889D4}.Debug|Any CPU.ActiveCfg = Debug|Any CPU
		{CA7F2423-698C-45EB-B844-5748AC8889D4}.Debug|Any CPU.Build.0 = Debug|Any CPU
		{CA7F2423-698C-45EB-B844-5748AC8889D4}.Release|Any CPU.ActiveCfg = Release|Any CPU
		{CA7F2423-698C-45EB-B844-5748AC8889D4}.Release|Any CPU.Build.0 = Release|Any CPU
		{2D99973D-E0B1-417B-B56E-540CA0ECA47D}.Debug|Any CPU.ActiveCfg = Debug|Any CPU
		{2D99973D-E0B1-417B-B56E-540CA0ECA47D}.Debug|Any CPU.Build.0 = Debug|Any CPU
		{2D99973D-E0B1-417B-B56E-540CA0ECA47D}.Release|Any CPU.ActiveCfg = Release|Any CPU
		{2D99973D-E0B1-417B-B56E-540CA0ECA47D}.Release|Any CPU.Build.0 = Release|Any CPU
		{C3A89835-B561-45E9-B846-38126610AA3B}.Debug|Any CPU.ActiveCfg = Debug|Any CPU
		{C3A89835-B561-45E9-B846-38126610AA3B}.Debug|Any CPU.Build.0 = Debug|Any CPU
		{C3A89835-B561-45E9-B846-38126610AA3B}.Release|Any CPU.ActiveCfg = Release|Any CPU
		{C3A89835-B561-45E9-B846-38126610AA3B}.Release|Any CPU.Build.0 = Release|Any CPU
		{68CE4926-8F8A-40B1-9E79-105C33BEB5B7}.Debug|Any CPU.ActiveCfg = Debug|Any CPU
		{68CE4926-8F8A-40B1-9E79-105C33BEB5B7}.Debug|Any CPU.Build.0 = Debug|Any CPU
		{68CE4926-8F8A-40B1-9E79-105C33BEB5B7}.Release|Any CPU.ActiveCfg = Release|Any CPU
		{68CE4926-8F8A-40B1-9E79-105C33BEB5B7}.Release|Any CPU.Build.0 = Release|Any CPU
		{54EDE795-C54B-4615-9A11-7165A02F6F34}.Debug|Any CPU.ActiveCfg = Debug|Any CPU
		{54EDE795-C54B-4615-9A11-7165A02F6F34}.Debug|Any CPU.Build.0 = Debug|Any CPU
		{54EDE795-C54B-4615-9A11-7165A02F6F34}.Release|Any CPU.ActiveCfg = Release|Any CPU
		{54EDE795-C54B-4615-9A11-7165A02F6F34}.Release|Any CPU.Build.0 = Release|Any CPU
		{4F1B020B-AE07-4434-B2D0-0E70383C020D}.Debug|Any CPU.ActiveCfg = Debug|Any CPU
		{4F1B020B-AE07-4434-B2D0-0E70383C020D}.Debug|Any CPU.Build.0 = Debug|Any CPU
		{4F1B020B-AE07-4434-B2D0-0E70383C020D}.Release|Any CPU.ActiveCfg = Release|Any CPU
		{4F1B020B-AE07-4434-B2D0-0E70383C020D}.Release|Any CPU.Build.0 = Release|Any CPU
		{F8FDAA66-0C23-48BD-8B40-4604696051FD}.Debug|Any CPU.ActiveCfg = Debug|Any CPU
		{F8FDAA66-0C23-48BD-8B40-4604696051FD}.Debug|Any CPU.Build.0 = Debug|Any CPU
		{F8FDAA66-0C23-48BD-8B40-4604696051FD}.Release|Any CPU.ActiveCfg = Release|Any CPU
		{F8FDAA66-0C23-48BD-8B40-4604696051FD}.Release|Any CPU.Build.0 = Release|Any CPU
		{52C71EF8-7B47-4A2C-8FE2-14D4E5940B79}.Debug|Any CPU.ActiveCfg = Debug|Any CPU
		{52C71EF8-7B47-4A2C-8FE2-14D4E5940B79}.Debug|Any CPU.Build.0 = Debug|Any CPU
		{52C71EF8-7B47-4A2C-8FE2-14D4E5940B79}.Release|Any CPU.ActiveCfg = Release|Any CPU
		{52C71EF8-7B47-4A2C-8FE2-14D4E5940B79}.Release|Any CPU.Build.0 = Release|Any CPU
		{9FE41053-E013-4F15-A4D9-C76D39E80553}.Debug|Any CPU.ActiveCfg = Debug|Any CPU
		{9FE41053-E013-4F15-A4D9-C76D39E80553}.Debug|Any CPU.Build.0 = Debug|Any CPU
		{9FE41053-E013-4F15-A4D9-C76D39E80553}.Release|Any CPU.ActiveCfg = Release|Any CPU
		{9FE41053-E013-4F15-A4D9-C76D39E80553}.Release|Any CPU.Build.0 = Release|Any CPU
		{C8F49996-C93C-48C6-BA2B-0B2ACBC08C0B}.Debug|Any CPU.ActiveCfg = Debug|Any CPU
		{C8F49996-C93C-48C6-BA2B-0B2ACBC08C0B}.Debug|Any CPU.Build.0 = Debug|Any CPU
		{C8F49996-C93C-48C6-BA2B-0B2ACBC08C0B}.Release|Any CPU.ActiveCfg = Release|Any CPU
		{C8F49996-C93C-48C6-BA2B-0B2ACBC08C0B}.Release|Any CPU.Build.0 = Release|Any CPU
		{C59E7661-719C-4CEE-8185-F76574A622C5}.Debug|Any CPU.ActiveCfg = Debug|Any CPU
		{C59E7661-719C-4CEE-8185-F76574A622C5}.Debug|Any CPU.Build.0 = Debug|Any CPU
		{C59E7661-719C-4CEE-8185-F76574A622C5}.Release|Any CPU.ActiveCfg = Release|Any CPU
		{C59E7661-719C-4CEE-8185-F76574A622C5}.Release|Any CPU.Build.0 = Release|Any CPU
		{90FF93F8-DB2B-435E-A2FF-34C9FDBE8EFF}.Debug|Any CPU.ActiveCfg = Debug|Any CPU
		{90FF93F8-DB2B-435E-A2FF-34C9FDBE8EFF}.Debug|Any CPU.Build.0 = Debug|Any CPU
		{90FF93F8-DB2B-435E-A2FF-34C9FDBE8EFF}.Release|Any CPU.ActiveCfg = Release|Any CPU
		{90FF93F8-DB2B-435E-A2FF-34C9FDBE8EFF}.Release|Any CPU.Build.0 = Release|Any CPU
		{D34BC224-118F-43FB-871A-4EF3C9D200BC}.Debug|Any CPU.ActiveCfg = Debug|Any CPU
		{D34BC224-118F-43FB-871A-4EF3C9D200BC}.Debug|Any CPU.Build.0 = Debug|Any CPU
		{D34BC224-118F-43FB-871A-4EF3C9D200BC}.Release|Any CPU.ActiveCfg = Release|Any CPU
		{D34BC224-118F-43FB-871A-4EF3C9D200BC}.Release|Any CPU.Build.0 = Release|Any CPU
		{BCDC15C6-44A2-4177-9FCA-B6CF2C4E65DF}.Debug|Any CPU.ActiveCfg = Debug|Any CPU
		{BCDC15C6-44A2-4177-9FCA-B6CF2C4E65DF}.Debug|Any CPU.Build.0 = Debug|Any CPU
		{BCDC15C6-44A2-4177-9FCA-B6CF2C4E65DF}.Release|Any CPU.ActiveCfg = Release|Any CPU
		{BCDC15C6-44A2-4177-9FCA-B6CF2C4E65DF}.Release|Any CPU.Build.0 = Release|Any CPU
		{EF1B86A1-E6F8-48F8-959E-99E5D0E85670}.Debug|Any CPU.ActiveCfg = Debug|Any CPU
		{EF1B86A1-E6F8-48F8-959E-99E5D0E85670}.Debug|Any CPU.Build.0 = Debug|Any CPU
		{EF1B86A1-E6F8-48F8-959E-99E5D0E85670}.Release|Any CPU.ActiveCfg = Release|Any CPU
		{EF1B86A1-E6F8-48F8-959E-99E5D0E85670}.Release|Any CPU.Build.0 = Release|Any CPU
		{D33DB71F-542A-4865-9B48-99B69C4AAF33}.Debug|Any CPU.ActiveCfg = Debug|Any CPU
		{D33DB71F-542A-4865-9B48-99B69C4AAF33}.Debug|Any CPU.Build.0 = Debug|Any CPU
		{D33DB71F-542A-4865-9B48-99B69C4AAF33}.Release|Any CPU.ActiveCfg = Release|Any CPU
		{D33DB71F-542A-4865-9B48-99B69C4AAF33}.Release|Any CPU.Build.0 = Release|Any CPU
		{75BE9A8B-1967-4347-BD27-7FEBBF5B939E}.Debug|Any CPU.ActiveCfg = Debug|Any CPU
		{75BE9A8B-1967-4347-BD27-7FEBBF5B939E}.Debug|Any CPU.Build.0 = Debug|Any CPU
		{75BE9A8B-1967-4347-BD27-7FEBBF5B939E}.Release|Any CPU.ActiveCfg = Release|Any CPU
		{75BE9A8B-1967-4347-BD27-7FEBBF5B939E}.Release|Any CPU.Build.0 = Release|Any CPU
		{E184600B-D113-4E5F-AEBB-3A0B933D547B}.Debug|Any CPU.ActiveCfg = Debug|Any CPU
		{E184600B-D113-4E5F-AEBB-3A0B933D547B}.Debug|Any CPU.Build.0 = Debug|Any CPU
		{E184600B-D113-4E5F-AEBB-3A0B933D547B}.Release|Any CPU.ActiveCfg = Release|Any CPU
		{E184600B-D113-4E5F-AEBB-3A0B933D547B}.Release|Any CPU.Build.0 = Release|Any CPU
		{4315EC48-80F8-418C-A62F-25021AD7403E}.Debug|Any CPU.ActiveCfg = Debug|Any CPU
		{4315EC48-80F8-418C-A62F-25021AD7403E}.Debug|Any CPU.Build.0 = Debug|Any CPU
		{4315EC48-80F8-418C-A62F-25021AD7403E}.Release|Any CPU.ActiveCfg = Release|Any CPU
		{4315EC48-80F8-418C-A62F-25021AD7403E}.Release|Any CPU.Build.0 = Release|Any CPU
		{F9D36B75-B88D-490F-864F-F2A7F9C5CB12}.Debug|Any CPU.ActiveCfg = Debug|Any CPU
		{F9D36B75-B88D-490F-864F-F2A7F9C5CB12}.Debug|Any CPU.Build.0 = Debug|Any CPU
		{F9D36B75-B88D-490F-864F-F2A7F9C5CB12}.Release|Any CPU.ActiveCfg = Release|Any CPU
		{F9D36B75-B88D-490F-864F-F2A7F9C5CB12}.Release|Any CPU.Build.0 = Release|Any CPU
		{518CD577-24C2-4EB2-BB4F-79E75CB4E047}.Debug|Any CPU.ActiveCfg = Debug|Any CPU
		{518CD577-24C2-4EB2-BB4F-79E75CB4E047}.Debug|Any CPU.Build.0 = Debug|Any CPU
		{518CD577-24C2-4EB2-BB4F-79E75CB4E047}.Release|Any CPU.ActiveCfg = Release|Any CPU
		{518CD577-24C2-4EB2-BB4F-79E75CB4E047}.Release|Any CPU.Build.0 = Release|Any CPU
		{142AB4AE-D7E9-48FC-957B-31B11C5EE786}.Debug|Any CPU.ActiveCfg = Debug|Any CPU
		{142AB4AE-D7E9-48FC-957B-31B11C5EE786}.Debug|Any CPU.Build.0 = Debug|Any CPU
		{142AB4AE-D7E9-48FC-957B-31B11C5EE786}.Release|Any CPU.ActiveCfg = Release|Any CPU
		{142AB4AE-D7E9-48FC-957B-31B11C5EE786}.Release|Any CPU.Build.0 = Release|Any CPU
		{24A6585C-4919-4CCE-BBBF-5DB470C3D2CA}.Debug|Any CPU.ActiveCfg = Debug|Any CPU
		{24A6585C-4919-4CCE-BBBF-5DB470C3D2CA}.Debug|Any CPU.Build.0 = Debug|Any CPU
		{24A6585C-4919-4CCE-BBBF-5DB470C3D2CA}.Release|Any CPU.ActiveCfg = Release|Any CPU
		{24A6585C-4919-4CCE-BBBF-5DB470C3D2CA}.Release|Any CPU.Build.0 = Release|Any CPU
		{A8F9199A-CC93-4C14-B8B9-C89E441D34FF}.Debug|Any CPU.ActiveCfg = Debug|Any CPU
		{A8F9199A-CC93-4C14-B8B9-C89E441D34FF}.Debug|Any CPU.Build.0 = Debug|Any CPU
		{A8F9199A-CC93-4C14-B8B9-C89E441D34FF}.Release|Any CPU.ActiveCfg = Release|Any CPU
		{A8F9199A-CC93-4C14-B8B9-C89E441D34FF}.Release|Any CPU.Build.0 = Release|Any CPU
		{F54A90A2-D73D-4A90-A3BC-7DDA7D365F1C}.Debug|Any CPU.ActiveCfg = Debug|Any CPU
		{F54A90A2-D73D-4A90-A3BC-7DDA7D365F1C}.Debug|Any CPU.Build.0 = Debug|Any CPU
		{F54A90A2-D73D-4A90-A3BC-7DDA7D365F1C}.Release|Any CPU.ActiveCfg = Release|Any CPU
		{F54A90A2-D73D-4A90-A3BC-7DDA7D365F1C}.Release|Any CPU.Build.0 = Release|Any CPU
		{94474F65-35D0-46B0-A486-C33EFA790888}.Debug|Any CPU.ActiveCfg = Debug|Any CPU
		{94474F65-35D0-46B0-A486-C33EFA790888}.Debug|Any CPU.Build.0 = Debug|Any CPU
		{94474F65-35D0-46B0-A486-C33EFA790888}.Release|Any CPU.ActiveCfg = Release|Any CPU
		{94474F65-35D0-46B0-A486-C33EFA790888}.Release|Any CPU.Build.0 = Release|Any CPU
		{946888CF-0D0D-4C4C-976A-8FE3AD6AD1C8}.Debug|Any CPU.ActiveCfg = Debug|Any CPU
		{946888CF-0D0D-4C4C-976A-8FE3AD6AD1C8}.Debug|Any CPU.Build.0 = Debug|Any CPU
		{946888CF-0D0D-4C4C-976A-8FE3AD6AD1C8}.Release|Any CPU.ActiveCfg = Release|Any CPU
		{946888CF-0D0D-4C4C-976A-8FE3AD6AD1C8}.Release|Any CPU.Build.0 = Release|Any CPU
		{F6200CD7-E41E-41AF-8D34-FC5CF66BBE59}.Debug|Any CPU.ActiveCfg = Debug|Any CPU
		{F6200CD7-E41E-41AF-8D34-FC5CF66BBE59}.Debug|Any CPU.Build.0 = Debug|Any CPU
		{F6200CD7-E41E-41AF-8D34-FC5CF66BBE59}.Release|Any CPU.ActiveCfg = Release|Any CPU
		{F6200CD7-E41E-41AF-8D34-FC5CF66BBE59}.Release|Any CPU.Build.0 = Release|Any CPU
		{ACC6AFE5-D3EB-4027-B828-02C89568D97E}.Debug|Any CPU.ActiveCfg = Debug|Any CPU
		{ACC6AFE5-D3EB-4027-B828-02C89568D97E}.Debug|Any CPU.Build.0 = Debug|Any CPU
		{ACC6AFE5-D3EB-4027-B828-02C89568D97E}.Release|Any CPU.ActiveCfg = Release|Any CPU
		{ACC6AFE5-D3EB-4027-B828-02C89568D97E}.Release|Any CPU.Build.0 = Release|Any CPU
		{92FD134E-213A-4E8A-9E5F-C5CA004E39DF}.Debug|Any CPU.ActiveCfg = Debug|Any CPU
		{92FD134E-213A-4E8A-9E5F-C5CA004E39DF}.Debug|Any CPU.Build.0 = Debug|Any CPU
		{92FD134E-213A-4E8A-9E5F-C5CA004E39DF}.Release|Any CPU.ActiveCfg = Release|Any CPU
		{92FD134E-213A-4E8A-9E5F-C5CA004E39DF}.Release|Any CPU.Build.0 = Release|Any CPU
		{0FF0D43B-D07E-46A1-ABA8-B78EBC97B218}.Debug|Any CPU.ActiveCfg = Debug|Any CPU
		{0FF0D43B-D07E-46A1-ABA8-B78EBC97B218}.Debug|Any CPU.Build.0 = Debug|Any CPU
		{0FF0D43B-D07E-46A1-ABA8-B78EBC97B218}.Release|Any CPU.ActiveCfg = Release|Any CPU
		{0FF0D43B-D07E-46A1-ABA8-B78EBC97B218}.Release|Any CPU.Build.0 = Release|Any CPU
		{3A034488-3874-4D72-A286-E06F8F55B106}.Debug|Any CPU.ActiveCfg = Debug|Any CPU
		{3A034488-3874-4D72-A286-E06F8F55B106}.Debug|Any CPU.Build.0 = Debug|Any CPU
		{3A034488-3874-4D72-A286-E06F8F55B106}.Release|Any CPU.ActiveCfg = Release|Any CPU
		{3A034488-3874-4D72-A286-E06F8F55B106}.Release|Any CPU.Build.0 = Release|Any CPU
		{9B2A67FC-C4DD-410D-A409-3A4867130143}.Debug|Any CPU.ActiveCfg = Debug|Any CPU
		{9B2A67FC-C4DD-410D-A409-3A4867130143}.Debug|Any CPU.Build.0 = Debug|Any CPU
		{9B2A67FC-C4DD-410D-A409-3A4867130143}.Release|Any CPU.ActiveCfg = Release|Any CPU
		{9B2A67FC-C4DD-410D-A409-3A4867130143}.Release|Any CPU.Build.0 = Release|Any CPU
		{9E13824B-94B4-4CF2-9212-0876754D955D}.Debug|Any CPU.ActiveCfg = Debug|Any CPU
		{9E13824B-94B4-4CF2-9212-0876754D955D}.Debug|Any CPU.Build.0 = Debug|Any CPU
		{9E13824B-94B4-4CF2-9212-0876754D955D}.Release|Any CPU.ActiveCfg = Release|Any CPU
		{9E13824B-94B4-4CF2-9212-0876754D955D}.Release|Any CPU.Build.0 = Release|Any CPU
		{174E7485-164E-4064-8EEC-E906189B60FF}.Debug|Any CPU.ActiveCfg = Debug|Any CPU
		{174E7485-164E-4064-8EEC-E906189B60FF}.Debug|Any CPU.Build.0 = Debug|Any CPU
		{174E7485-164E-4064-8EEC-E906189B60FF}.Release|Any CPU.ActiveCfg = Release|Any CPU
		{174E7485-164E-4064-8EEC-E906189B60FF}.Release|Any CPU.Build.0 = Release|Any CPU
		{6672D595-91E1-4058-B7DB-BD9F1E3966D3}.Debug|Any CPU.ActiveCfg = Debug|Any CPU
		{6672D595-91E1-4058-B7DB-BD9F1E3966D3}.Debug|Any CPU.Build.0 = Debug|Any CPU
		{6672D595-91E1-4058-B7DB-BD9F1E3966D3}.Release|Any CPU.ActiveCfg = Release|Any CPU
		{6672D595-91E1-4058-B7DB-BD9F1E3966D3}.Release|Any CPU.Build.0 = Release|Any CPU
		{78A89349-2E69-48A0-A276-CAC53485B535}.Debug|Any CPU.ActiveCfg = Debug|Any CPU
		{78A89349-2E69-48A0-A276-CAC53485B535}.Debug|Any CPU.Build.0 = Debug|Any CPU
		{78A89349-2E69-48A0-A276-CAC53485B535}.Release|Any CPU.ActiveCfg = Release|Any CPU
		{78A89349-2E69-48A0-A276-CAC53485B535}.Release|Any CPU.Build.0 = Release|Any CPU
		{D93A37E4-3DB7-4160-9861-DAD835D61CCE}.Debug|Any CPU.ActiveCfg = Debug|Any CPU
		{D93A37E4-3DB7-4160-9861-DAD835D61CCE}.Debug|Any CPU.Build.0 = Debug|Any CPU
		{D93A37E4-3DB7-4160-9861-DAD835D61CCE}.Release|Any CPU.ActiveCfg = Release|Any CPU
		{D93A37E4-3DB7-4160-9861-DAD835D61CCE}.Release|Any CPU.Build.0 = Release|Any CPU
		{838BBD74-EECF-4C3B-AE72-ADD4D519079A}.Debug|Any CPU.ActiveCfg = Debug|Any CPU
		{838BBD74-EECF-4C3B-AE72-ADD4D519079A}.Debug|Any CPU.Build.0 = Debug|Any CPU
		{838BBD74-EECF-4C3B-AE72-ADD4D519079A}.Release|Any CPU.ActiveCfg = Release|Any CPU
		{838BBD74-EECF-4C3B-AE72-ADD4D519079A}.Release|Any CPU.Build.0 = Release|Any CPU
		{F86B2D7E-869F-49F7-BFBF-C288812F7C60}.Debug|Any CPU.ActiveCfg = Debug|Any CPU
		{F86B2D7E-869F-49F7-BFBF-C288812F7C60}.Debug|Any CPU.Build.0 = Debug|Any CPU
		{F86B2D7E-869F-49F7-BFBF-C288812F7C60}.Release|Any CPU.ActiveCfg = Release|Any CPU
		{F86B2D7E-869F-49F7-BFBF-C288812F7C60}.Release|Any CPU.Build.0 = Release|Any CPU
		{7FDD2656-6F54-4AC3-9C45-EC121DE9802A}.Debug|Any CPU.ActiveCfg = Debug|Any CPU
		{7FDD2656-6F54-4AC3-9C45-EC121DE9802A}.Debug|Any CPU.Build.0 = Debug|Any CPU
		{7FDD2656-6F54-4AC3-9C45-EC121DE9802A}.Release|Any CPU.ActiveCfg = Release|Any CPU
		{7FDD2656-6F54-4AC3-9C45-EC121DE9802A}.Release|Any CPU.Build.0 = Release|Any CPU
		{A6AC6A8B-A1D1-4FB9-8CF0-4DDD191BF7E4}.Debug|Any CPU.ActiveCfg = Debug|Any CPU
		{A6AC6A8B-A1D1-4FB9-8CF0-4DDD191BF7E4}.Debug|Any CPU.Build.0 = Debug|Any CPU
		{A6AC6A8B-A1D1-4FB9-8CF0-4DDD191BF7E4}.Release|Any CPU.ActiveCfg = Release|Any CPU
		{A6AC6A8B-A1D1-4FB9-8CF0-4DDD191BF7E4}.Release|Any CPU.Build.0 = Release|Any CPU
		{DACD9C84-7070-4470-AD11-99D7BAC1C63F}.Debug|Any CPU.ActiveCfg = Debug|Any CPU
		{DACD9C84-7070-4470-AD11-99D7BAC1C63F}.Debug|Any CPU.Build.0 = Debug|Any CPU
		{DACD9C84-7070-4470-AD11-99D7BAC1C63F}.Release|Any CPU.ActiveCfg = Release|Any CPU
		{DACD9C84-7070-4470-AD11-99D7BAC1C63F}.Release|Any CPU.Build.0 = Release|Any CPU
		{EF41582F-6111-4FB7-A282-679DFFAAE789}.Debug|Any CPU.ActiveCfg = Debug|Any CPU
		{EF41582F-6111-4FB7-A282-679DFFAAE789}.Debug|Any CPU.Build.0 = Debug|Any CPU
		{EF41582F-6111-4FB7-A282-679DFFAAE789}.Release|Any CPU.ActiveCfg = Release|Any CPU
		{EF41582F-6111-4FB7-A282-679DFFAAE789}.Release|Any CPU.Build.0 = Release|Any CPU
		{3EAA5358-CD45-42AE-B4F8-DB75F77AC7D3}.Debug|Any CPU.ActiveCfg = Debug|Any CPU
		{3EAA5358-CD45-42AE-B4F8-DB75F77AC7D3}.Debug|Any CPU.Build.0 = Debug|Any CPU
		{3EAA5358-CD45-42AE-B4F8-DB75F77AC7D3}.Release|Any CPU.ActiveCfg = Release|Any CPU
		{3EAA5358-CD45-42AE-B4F8-DB75F77AC7D3}.Release|Any CPU.Build.0 = Release|Any CPU
		{4FF1D1BD-16FD-4495-88AB-294A19754077}.Debug|Any CPU.ActiveCfg = Debug|Any CPU
		{4FF1D1BD-16FD-4495-88AB-294A19754077}.Debug|Any CPU.Build.0 = Debug|Any CPU
		{4FF1D1BD-16FD-4495-88AB-294A19754077}.Release|Any CPU.ActiveCfg = Release|Any CPU
		{4FF1D1BD-16FD-4495-88AB-294A19754077}.Release|Any CPU.Build.0 = Release|Any CPU
	EndGlobalSection
	GlobalSection(SolutionProperties) = preSolution
		HideSolutionNode = FALSE
	EndGlobalSection
	GlobalSection(NestedProjects) = preSolution
		{AD0910AC-8278-4B0E-9C5C-513375CCD7C3} = {EB1E805B-2963-4188-ACC5-F908F2A28CAC}
		{EB1E805B-2963-4188-ACC5-F908F2A28CAC} = {E87B9B83-55CE-451B-B3A4-5D0FDA59FE97}
		{2E4E7056-E4EF-43CE-B96E-DF26EF1E9730} = {EB1E805B-2963-4188-ACC5-F908F2A28CAC}
		{CA7F2423-698C-45EB-B844-5748AC8889D4} = {EB1E805B-2963-4188-ACC5-F908F2A28CAC}
		{2D99973D-E0B1-417B-B56E-540CA0ECA47D} = {EB1E805B-2963-4188-ACC5-F908F2A28CAC}
		{C3A89835-B561-45E9-B846-38126610AA3B} = {EB1E805B-2963-4188-ACC5-F908F2A28CAC}
		{B687C682-7913-4C54-B0F6-7DF61C4E4522} = {E87B9B83-55CE-451B-B3A4-5D0FDA59FE97}
		{68CE4926-8F8A-40B1-9E79-105C33BEB5B7} = {B687C682-7913-4C54-B0F6-7DF61C4E4522}
		{54EDE795-C54B-4615-9A11-7165A02F6F34} = {B687C682-7913-4C54-B0F6-7DF61C4E4522}
		{4F1B020B-AE07-4434-B2D0-0E70383C020D} = {B687C682-7913-4C54-B0F6-7DF61C4E4522}
		{F8FDAA66-0C23-48BD-8B40-4604696051FD} = {B687C682-7913-4C54-B0F6-7DF61C4E4522}
		{52C71EF8-7B47-4A2C-8FE2-14D4E5940B79} = {B687C682-7913-4C54-B0F6-7DF61C4E4522}
		{9FE41053-E013-4F15-A4D9-C76D39E80553} = {B687C682-7913-4C54-B0F6-7DF61C4E4522}
		{5E42E47A-307D-4ADA-8720-15E870622906} = {E87B9B83-55CE-451B-B3A4-5D0FDA59FE97}
		{C8F49996-C93C-48C6-BA2B-0B2ACBC08C0B} = {5E42E47A-307D-4ADA-8720-15E870622906}
		{C59E7661-719C-4CEE-8185-F76574A622C5} = {5E42E47A-307D-4ADA-8720-15E870622906}
		{90FF93F8-DB2B-435E-A2FF-34C9FDBE8EFF} = {5E42E47A-307D-4ADA-8720-15E870622906}
		{D34BC224-118F-43FB-871A-4EF3C9D200BC} = {5E42E47A-307D-4ADA-8720-15E870622906}
		{BCDC15C6-44A2-4177-9FCA-B6CF2C4E65DF} = {5E42E47A-307D-4ADA-8720-15E870622906}
		{F74C81EA-3920-4501-AE0D-2AB91A63E1FC} = {E87B9B83-55CE-451B-B3A4-5D0FDA59FE97}
		{EF1B86A1-E6F8-48F8-959E-99E5D0E85670} = {F74C81EA-3920-4501-AE0D-2AB91A63E1FC}
		{D33DB71F-542A-4865-9B48-99B69C4AAF33} = {F74C81EA-3920-4501-AE0D-2AB91A63E1FC}
		{75BE9A8B-1967-4347-BD27-7FEBBF5B939E} = {F74C81EA-3920-4501-AE0D-2AB91A63E1FC}
		{E184600B-D113-4E5F-AEBB-3A0B933D547B} = {F74C81EA-3920-4501-AE0D-2AB91A63E1FC}
		{4315EC48-80F8-418C-A62F-25021AD7403E} = {F74C81EA-3920-4501-AE0D-2AB91A63E1FC}
		{F9D36B75-B88D-490F-864F-F2A7F9C5CB12} = {F74C81EA-3920-4501-AE0D-2AB91A63E1FC}
		{518CD577-24C2-4EB2-BB4F-79E75CB4E047} = {F74C81EA-3920-4501-AE0D-2AB91A63E1FC}
		{142AB4AE-D7E9-48FC-957B-31B11C5EE786} = {F74C81EA-3920-4501-AE0D-2AB91A63E1FC}
		{5F2A973A-B7A1-47FB-8036-14118E18DADE} = {E87B9B83-55CE-451B-B3A4-5D0FDA59FE97}
		{24A6585C-4919-4CCE-BBBF-5DB470C3D2CA} = {5F2A973A-B7A1-47FB-8036-14118E18DADE}
		{A8F9199A-CC93-4C14-B8B9-C89E441D34FF} = {5F2A973A-B7A1-47FB-8036-14118E18DADE}
		{F54A90A2-D73D-4A90-A3BC-7DDA7D365F1C} = {5F2A973A-B7A1-47FB-8036-14118E18DADE}
		{94474F65-35D0-46B0-A486-C33EFA790888} = {5F2A973A-B7A1-47FB-8036-14118E18DADE}
		{946888CF-0D0D-4C4C-976A-8FE3AD6AD1C8} = {5F2A973A-B7A1-47FB-8036-14118E18DADE}
		{5BAE6680-B3A6-4188-8B8B-64ED2939E79D} = {E87B9B83-55CE-451B-B3A4-5D0FDA59FE97}
		{F6200CD7-E41E-41AF-8D34-FC5CF66BBE59} = {5BAE6680-B3A6-4188-8B8B-64ED2939E79D}
		{ACC6AFE5-D3EB-4027-B828-02C89568D97E} = {5BAE6680-B3A6-4188-8B8B-64ED2939E79D}
		{92FD134E-213A-4E8A-9E5F-C5CA004E39DF} = {5BAE6680-B3A6-4188-8B8B-64ED2939E79D}
		{0FF0D43B-D07E-46A1-ABA8-B78EBC97B218} = {5BAE6680-B3A6-4188-8B8B-64ED2939E79D}
		{3A034488-3874-4D72-A286-E06F8F55B106} = {5BAE6680-B3A6-4188-8B8B-64ED2939E79D}
		{A1028F7D-3453-40A6-AE5D-B47E4836B889} = {E87B9B83-55CE-451B-B3A4-5D0FDA59FE97}
		{9B2A67FC-C4DD-410D-A409-3A4867130143} = {A1028F7D-3453-40A6-AE5D-B47E4836B889}
		{9E13824B-94B4-4CF2-9212-0876754D955D} = {A1028F7D-3453-40A6-AE5D-B47E4836B889}
		{174E7485-164E-4064-8EEC-E906189B60FF} = {A1028F7D-3453-40A6-AE5D-B47E4836B889}
		{6672D595-91E1-4058-B7DB-BD9F1E3966D3} = {A1028F7D-3453-40A6-AE5D-B47E4836B889}
		{A3066975-36F0-49A1-BBBE-267DE36190FC} = {E87B9B83-55CE-451B-B3A4-5D0FDA59FE97}
		{78A89349-2E69-48A0-A276-CAC53485B535} = {A3066975-36F0-49A1-BBBE-267DE36190FC}
		{D93A37E4-3DB7-4160-9861-DAD835D61CCE} = {A3066975-36F0-49A1-BBBE-267DE36190FC}
		{838BBD74-EECF-4C3B-AE72-ADD4D519079A} = {A3066975-36F0-49A1-BBBE-267DE36190FC}
		{F86B2D7E-869F-49F7-BFBF-C288812F7C60} = {A3066975-36F0-49A1-BBBE-267DE36190FC}
		{7FDD2656-6F54-4AC3-9C45-EC121DE9802A} = {A3066975-36F0-49A1-BBBE-267DE36190FC}
		{A6AC6A8B-A1D1-4FB9-8CF0-4DDD191BF7E4} = {A3066975-36F0-49A1-BBBE-267DE36190FC}
		{DACD9C84-7070-4470-AD11-99D7BAC1C63F} = {A3066975-36F0-49A1-BBBE-267DE36190FC}
		{EF41582F-6111-4FB7-A282-679DFFAAE789} = {A1028F7D-3453-40A6-AE5D-B47E4836B889}
		{3EAA5358-CD45-42AE-B4F8-DB75F77AC7D3} = {55EEA0EF-FE49-4105-89EE-953C707E582C}
		{4FF1D1BD-16FD-4495-88AB-294A19754077} = {55EEA0EF-FE49-4105-89EE-953C707E582C}
	EndGlobalSection
	GlobalSection(ExtensibilityGlobals) = postSolution
		SolutionGuid = {9453D720-EEBD-44E2-9A82-0CA928CF74E1}
	EndGlobalSection
EndGlobal
